
Microsoft Visual Studio Solution File, Format Version 12.00
# Visual Studio Version 16
VisualStudioVersion = 16.0.30804.86
MinimumVisualStudioVersion = 10.0.40219.1
Project("{9A19103F-16F7-4668-BE54-9A1E7A4F7556}") = "DataAccess", "DataAccess\DataAccess.csproj", "{505DE361-2DD0-430C-9E88-730F0486657B}"
EndProject
Project("{9A19103F-16F7-4668-BE54-9A1E7A4F7556}") = "Entities", "Entities\Entities.csproj", "{57FA4E56-05A2-4E9C-A16D-F76C8747D0D3}"
EndProject
Project("{9A19103F-16F7-4668-BE54-9A1E7A4F7556}") = "Business", "Business\Business.csproj", "{25F49241-9F76-42E6-8174-20CB24D3D422}"
EndProject
Project("{9A19103F-16F7-4668-BE54-9A1E7A4F7556}") = "ConsoleUI", "ConsoleUI\ConsoleUI.csproj", "{6C624DFD-FD37-4231-BCFB-307B4AAA2D74}"
EndProject
Project("{9A19103F-16F7-4668-BE54-9A1E7A4F7556}") = "Core", "Core\Core.csproj", "{3F72B21D-8DC4-48F2-82A8-47C8DC01CE16}"
EndProject
Project("{FAE04EC0-301F-11D3-BF4B-00C04F79EFBC}") = "WebAPI", "WebAPI\WebAPI.csproj", "{6F91BE32-6C3A-4B87-8451-F3B4F63D57D8}"
EndProject
Global
	GlobalSection(SolutionConfigurationPlatforms) = preSolution
		Debug|Any CPU = Debug|Any CPU
		Release|Any CPU = Release|Any CPU
	EndGlobalSection
	GlobalSection(ProjectConfigurationPlatforms) = postSolution
		{505DE361-2DD0-430C-9E88-730F0486657B}.Debug|Any CPU.ActiveCfg = Debug|Any CPU
		{505DE361-2DD0-430C-9E88-730F0486657B}.Debug|Any CPU.Build.0 = Debug|Any CPU
		{505DE361-2DD0-430C-9E88-730F0486657B}.Release|Any CPU.ActiveCfg = Release|Any CPU
		{505DE361-2DD0-430C-9E88-730F0486657B}.Release|Any CPU.Build.0 = Release|Any CPU
		{57FA4E56-05A2-4E9C-A16D-F76C8747D0D3}.Debug|Any CPU.ActiveCfg = Debug|Any CPU
		{57FA4E56-05A2-4E9C-A16D-F76C8747D0D3}.Debug|Any CPU.Build.0 = Debug|Any CPU
		{57FA4E56-05A2-4E9C-A16D-F76C8747D0D3}.Release|Any CPU.ActiveCfg = Release|Any CPU
		{57FA4E56-05A2-4E9C-A16D-F76C8747D0D3}.Release|Any CPU.Build.0 = Release|Any CPU
		{25F49241-9F76-42E6-8174-20CB24D3D422}.Debug|Any CPU.ActiveCfg = Debug|Any CPU
		{25F49241-9F76-42E6-8174-20CB24D3D422}.Debug|Any CPU.Build.0 = Debug|Any CPU
		{25F49241-9F76-42E6-8174-20CB24D3D422}.Release|Any CPU.ActiveCfg = Release|Any CPU
		{25F49241-9F76-42E6-8174-20CB24D3D422}.Release|Any CPU.Build.0 = Release|Any CPU
		{6C624DFD-FD37-4231-BCFB-307B4AAA2D74}.Debug|Any CPU.ActiveCfg = Debug|Any CPU
		{6C624DFD-FD37-4231-BCFB-307B4AAA2D74}.Debug|Any CPU.Build.0 = Debug|Any CPU
		{6C624DFD-FD37-4231-BCFB-307B4AAA2D74}.Release|Any CPU.ActiveCfg = Release|Any CPU
		{6C624DFD-FD37-4231-BCFB-307B4AAA2D74}.Release|Any CPU.Build.0 = Release|Any CPU
		{3F72B21D-8DC4-48F2-82A8-47C8DC01CE16}.Debug|Any CPU.ActiveCfg = Debug|Any CPU
		{3F72B21D-8DC4-48F2-82A8-47C8DC01CE16}.Debug|Any CPU.Build.0 = Debug|Any CPU
		{3F72B21D-8DC4-48F2-82A8-47C8DC01CE16}.Release|Any CPU.ActiveCfg = Release|Any CPU
		{3F72B21D-8DC4-48F2-82A8-47C8DC01CE16}.Release|Any CPU.Build.0 = Release|Any CPU
		{6F91BE32-6C3A-4B87-8451-F3B4F63D57D8}.Debug|Any CPU.ActiveCfg = Debug|Any CPU
		{6F91BE32-6C3A-4B87-8451-F3B4F63D57D8}.Debug|Any CPU.Build.0 = Debug|Any CPU
		{6F91BE32-6C3A-4B87-8451-F3B4F63D57D8}.Release|Any CPU.ActiveCfg = Release|Any CPU
		{6F91BE32-6C3A-4B87-8451-F3B4F63D57D8}.Release|Any CPU.Build.0 = Release|Any CPU
	EndGlobalSection
	GlobalSection(SolutionProperties) = preSolution
		HideSolutionNode = FALSE
	EndGlobalSection
	GlobalSection(ExtensibilityGlobals) = postSolution
		SolutionGuid = {3FD6D483-6DC1-4B8D-893B-8CFF484982CB}
	EndGlobalSection
EndGlobal
